
Microsoft Visual Studio Solution File, Format Version 12.00
# Visual Studio Version 16
VisualStudioVersion = 16.0.31727.386
MinimumVisualStudioVersion = 10.0.40219.1
Project("{9A19103F-16F7-4668-BE54-9A1E7A4F7556}") = "WebAPI", "WebAPI\WebAPI.csproj", "{4BF3D708-467D-40A5-87D4-05EEC642FF99}"
EndProject
Project("{9A19103F-16F7-4668-BE54-9A1E7A4F7556}") = "Domain", "Domain\Domain.csproj", "{E5D27EB1-1302-4D1D-AD6A-71CF0A80B54D}"
EndProject
Project("{9A19103F-16F7-4668-BE54-9A1E7A4F7556}") = "Infrastructure", "Infrastructure\Infrastructure.csproj", "{7E21E783-F92F-4756-BD6E-FAF82E0FB9DE}"
EndProject
Global
	GlobalSection(SolutionConfigurationPlatforms) = preSolution
		Debug|Any CPU = Debug|Any CPU
		Release|Any CPU = Release|Any CPU
	EndGlobalSection
	GlobalSection(ProjectConfigurationPlatforms) = postSolution
		{4BF3D708-467D-40A5-87D4-05EEC642FF99}.Debug|Any CPU.ActiveCfg = Debug|Any CPU
		{4BF3D708-467D-40A5-87D4-05EEC642FF99}.Debug|Any CPU.Build.0 = Debug|Any CPU
		{4BF3D708-467D-40A5-87D4-05EEC642FF99}.Release|Any CPU.ActiveCfg = Release|Any CPU
		{4BF3D708-467D-40A5-87D4-05EEC642FF99}.Release|Any CPU.Build.0 = Release|Any CPU
		{E5D27EB1-1302-4D1D-AD6A-71CF0A80B54D}.Debug|Any CPU.ActiveCfg = Debug|Any CPU
		{E5D27EB1-1302-4D1D-AD6A-71CF0A80B54D}.Debug|Any CPU.Build.0 = Debug|Any CPU
		{E5D27EB1-1302-4D1D-AD6A-71CF0A80B54D}.Release|Any CPU.ActiveCfg = Release|Any CPU
		{E5D27EB1-1302-4D1D-AD6A-71CF0A80B54D}.Release|Any CPU.Build.0 = Release|Any CPU
		{7E21E783-F92F-4756-BD6E-FAF82E0FB9DE}.Debug|Any CPU.ActiveCfg = Debug|Any CPU
		{7E21E783-F92F-4756-BD6E-FAF82E0FB9DE}.Debug|Any CPU.Build.0 = Debug|Any CPU
		{7E21E783-F92F-4756-BD6E-FAF82E0FB9DE}.Release|Any CPU.ActiveCfg = Release|Any CPU
		{7E21E783-F92F-4756-BD6E-FAF82E0FB9DE}.Release|Any CPU.Build.0 = Release|Any CPU
	EndGlobalSection
	GlobalSection(SolutionProperties) = preSolution
		HideSolutionNode = FALSE
	EndGlobalSection
	GlobalSection(ExtensibilityGlobals) = postSolution
		SolutionGuid = {A765CBA7-25C7-431F-A21B-7C865D3224B5}
	EndGlobalSection
EndGlobal
